{
  "version": 2,
  "dependencies": {
    "net10.0": {
      "Microsoft.NET.ILLink.Tasks": {
        "type": "Direct",
        "requested": "[10.0.7, )",
        "resolved": "10.0.7",
        "contentHash": "AA/yhzFHNtQZXLdqjzujPy25G8EWwGWsAnxOE2zYSBoT/8QHP6ketN3CToD3DFreO653ipUwnKHo22B8AlBMCw=="
      },
      "Avalonia.BuildServices": {
        "type": "Transitive",
        "resolved": "11.3.2",
        "contentHash": "qHDToxto1e3hci5YqbG9n0Ty8mlp3zBUN5wT66wKqaDVzXyQ0do3EnRILd4Ke9jpvsktaPpgE0YjEk7hornryQ=="
      },
      "Avalonia.Remote.Protocol": {
        "type": "Transitive",
        "resolved": "12.0.0",
        "contentHash": "4uafS+y4s/FPJiOms5ZMFSWUNsx0QdWnkcbdiimch73WnApccgbWb6p082tCAPvSw6SbqoQB5IHgHsHGI7gPSw=="
      },
      "MicroCom.Runtime": {
        "type": "Transitive",
        "resolved": "0.11.4",
        "contentHash": "yZ8+Lgwo+KtRI29TB2mIOEMzV+csMJ+pKZg4YHReAP3vRewWLKKeYfrBDo5FS69rWnEbCfU3sbM+ZEQr+GDLtg=="
      },
      "antelcat.i18n.avalonia": {
        "type": "Project",
        "dependencies": {
          "Antelcat.I18N.SourceGenerators": "[2.0.0-preview-1, )",
          "Avalonia": "[12.0.0, )"
        }
      },
      "Antelcat.I18N.SourceGenerators": {
        "type": "Project"
      },
      "Avalonia": {
        "type": "CentralTransitive",
        "requested": "[12.0.1, )",
        "resolved": "12.0.0",
        "contentHash": "/dTINvK2kc8wiV1k6owfJS9gVLwt5vzv3gZEJbl/k7exfIIp+XqSwQQuZq9IFsV8A1Kn+p9btnPDtG4xtPUCaA==",
        "dependencies": {
          "Avalonia.BuildServices": "11.3.2",
          "Avalonia.Remote.Protocol": "12.0.0",
          "MicroCom.Runtime": "0.11.4"
        }
      }
    }
  }
}