{
  "version": 2,
  "dependencies": {
    "net10.0": {
      "Microsoft.NET.ILLink.Tasks": {
        "type": "Direct",
        "requested": "[10.0.7, )",
        "resolved": "10.0.7",
        "contentHash": "AA/yhzFHNtQZXLdqjzujPy25G8EWwGWsAnxOE2zYSBoT/8QHP6ketN3CToD3DFreO653ipUwnKHo22B8AlBMCw=="
      },
      "CliWrap": {
        "type": "Transitive",
        "resolved": "3.10.0",
        "contentHash": "Igph39WNImUFqQrpTeBDPafcCnM1u/8IooZHqMRF/5JdV5H78p+AbZkeYY1Nkz1WlbI/Gt2Hq/3rYh55jxRF9Q=="
      },
      "EasyCompressor": {
        "type": "Transitive",
        "resolved": "2.1.0",
        "contentHash": "BLSsDP72GzgvIZ2Z/VZKs5wqcTcC7Od2kfF5oSBvBf+Cd+E152yWAjpIf6C1JtNYPfvKYsz6ybmDvlPfj+QCfw==",
        "dependencies": {
          "Microsoft.Extensions.DependencyInjection.Abstractions": "9.0.4"
        }
      },
      "EasyCompressor.LZ4": {
        "type": "Transitive",
        "resolved": "2.1.0",
        "contentHash": "yjOYKH7k4wzin2MGBA09IJDPTpjfKZfheHXeQnlHyzV5ckZjMQTY9i+zCQkE0z3qZZipOIIRdUDJ6YOz7ouUqg==",
        "dependencies": {
          "EasyCompressor": "2.1.0",
          "K4os.Compression.LZ4": "1.3.8",
          "K4os.Compression.LZ4.Streams": "1.3.8"
        }
      },
      "K4os.Compression.LZ4": {
        "type": "Transitive",
        "resolved": "1.3.8",
        "contentHash": "LhwlPa7c1zs1OV2XadMtAWdImjLIsqFJPoRcIWAadSRn0Ri1DepK65UbWLPmt4riLqx2d40xjXRk0ogpqNtK7g=="
      },
      "K4os.Compression.LZ4.Streams": {
        "type": "Transitive",
        "resolved": "1.3.8",
        "contentHash": "P15qr8dZAeo9GvYbUIPEYFQ0MEJ0i5iqr37wsYeRC3la2uCldOoeCa6to0CZ1taiwxIV+Mk8NGuZi+4iWivK9w==",
        "dependencies": {
          "K4os.Compression.LZ4": "1.3.8",
          "K4os.Hash.xxHash": "1.0.8"
        }
      },
      "K4os.Hash.xxHash": {
        "type": "Transitive",
        "resolved": "1.0.8",
        "contentHash": "Wp2F7BamQ2Q/7Hk834nV9vRQapgcr8kgv9Jvfm8J3D0IhDqZMMl+a2yxUq5ltJitvXvQfB8W6K4F4fCbw/P6YQ=="
      },
      "Microsoft.Extensions.DependencyInjection.Abstractions": {
        "type": "Transitive",
        "resolved": "9.0.4",
        "contentHash": "UI0TQPVkS78bFdjkTodmkH0Fe8lXv9LnhGFKgKrsgUJ5a5FVdFRcgjIkBVLbGgdRhxWirxH/8IXUtEyYJx6GQg=="
      },
      "assetstools.net": {
        "type": "Project",
        "dependencies": {
          "CliWrap": "[3.10.0, )",
          "EasyCompressor.LZ4": "[2.1.0, )"
        }
      }
    }
  }
}